// !$*UTF8*$!
{
	archiveVersion = 1;
	classes = {
	};
	objectVersion = 50;
	objects = {

/* Begin PBXBuildFile section */
		A6B778FB23F2B65C00D2DE71 /* User.swift in Sources */ = {isa = PBXBuildFile; fileRef = A6B778FA23F2B65C00D2DE71 /* User.swift */; };
		A6FD176923EE64CB00D92C82 /* AppDelegate.swift in Sources */ = {isa = PBXBuildFile; fileRef = A6FD176823EE64CB00D92C82 /* AppDelegate.swift */; };
		A6FD176B23EE64CB00D92C82 /* SceneDelegate.swift in Sources */ = {isa = PBXBuildFile; fileRef = A6FD176A23EE64CB00D92C82 /* SceneDelegate.swift */; };
		A6FD176D23EE64CB00D92C82 /* LoginViewController.swift in Sources */ = {isa = PBXBuildFile; fileRef = A6FD176C23EE64CB00D92C82 /* LoginViewController.swift */; };
		A6FD177023EE64CB00D92C82 /* Main.storyboard in Resources */ = {isa = PBXBuildFile; fileRef = A6FD176E23EE64CB00D92C82 /* Main.storyboard */; };
		A6FD177223EE64CF00D92C82 /* Assets.xcassets in Resources */ = {isa = PBXBuildFile; fileRef = A6FD177123EE64CF00D92C82 /* Assets.xcassets */; };
		A6FD177523EE64CF00D92C82 /* LaunchScreen.storyboard in Resources */ = {isa = PBXBuildFile; fileRef = A6FD177323EE64CF00D92C82 /* LaunchScreen.storyboard */; };
		A6FD178123EE80D500D92C82 /* HomeViewController.swift in Sources */ = {isa = PBXBuildFile; fileRef = A6FD178023EE80D500D92C82 /* HomeViewController.swift */; };
/* End PBXBuildFile section */

/* Begin PBXFileReference section */
		A6B778FA23F2B65C00D2DE71 /* User.swift */ = {isa = PBXFileReference; lastKnownFileType = sourcecode.swift; path = User.swift; sourceTree = "<group>"; };
		A6FD176523EE64CA00D92C82 /* HomeWork2.4.app */ = {isa = PBXFileReference; explicitFileType = wrapper.application; includeInIndex = 0; path = HomeWork2.4.app; sourceTree = BUILT_PRODUCTS_DIR; };
		A6FD176823EE64CB00D92C82 /* AppDelegate.swift */ = {isa = PBXFileReference; lastKnownFileType = sourcecode.swift; path = AppDelegate.swift; sourceTree = "<group>"; };
		A6FD176A23EE64CB00D92C82 /* SceneDelegate.swift */ = {isa = PBXFileReference; lastKnownFileType = sourcecode.swift; path = SceneDelegate.swift; sourceTree = "<group>"; };
		A6FD176C23EE64CB00D92C82 /* LoginViewController.swift */ = {isa = PBXFileReference; lastKnownFileType = sourcecode.swift; path = LoginViewController.swift; sourceTree = "<group>"; };
		A6FD176F23EE64CB00D92C82 /* Base */ = {isa = PBXFileReference; lastKnownFileType = file.storyboard; name = Base; path = Base.lproj/Main.storyboard; sourceTree = "<group>"; };
		A6FD177123EE64CF00D92C82 /* Assets.xcassets */ = {isa = PBXFileReference; lastKnownFileType = folder.assetcatalog; path = Assets.xcassets; sourceTree = "<group>"; };
		A6FD177423EE64CF00D92C82 /* Base */ = {isa = PBXFileReference; lastKnownFileType = file.storyboard; name = Base; path = Base.lproj/LaunchScreen.storyboard; sourceTree = "<group>"; };
		A6FD177623EE64CF00D92C82 /* Info.plist */ = {isa = PBXFileReference; lastKnownFileType = text.plist.xml; path = Info.plist; sourceTree = "<group>"; };
		A6FD178023EE80D500D92C82 /* HomeViewController.swift */ = {isa = PBXFileReference; lastKnownFileType = sourcecode.swift; path = HomeViewController.swift; sourceTree = "<group>"; };
/* End PBXFileReference section */

/* Begin PBXFrameworksBuildPhase section */
		A6FD176223EE64CA00D92C82 /* Frameworks */ = {
			isa = PBXFrameworksBuildPhase;
			buildActionMask = 2147483647;
			files = (
			);
			runOnlyForDeploymentPostprocessing = 0;
		};
/* End PBXFrameworksBuildPhase section */

/* Begin PBXGroup section */
		A6B778FC23F2B66D00D2DE71 /* Models */ = {
			isa = PBXGroup;
			children = (
				A6B778FA23F2B65C00D2DE71 /* User.swift */,
			);
			path = Models;
			sourceTree = "<group>";
		};
		A6FD175C23EE64CA00D92C82 = {
			isa = PBXGroup;
			children = (
				A6FD176723EE64CA00D92C82 /* HomeWork2.4 */,
				A6FD176623EE64CA00D92C82 /* Products */,
			);
			sourceTree = "<group>";
		};
		A6FD176623EE64CA00D92C82 /* Products */ = {
			isa = PBXGroup;
			children = (
				A6FD176523EE64CA00D92C82 /* HomeWork2.4.app */,
			);
			name = Products;
			sourceTree = "<group>";
		};
		A6FD176723EE64CA00D92C82 /* HomeWork2.4 */ = {
			isa = PBXGroup;
			children = (
				A6B778FC23F2B66D00D2DE71 /* Models */,
				A6FD177E23EE672A00D92C82 /* ViewControllers */,
				A6FD177C23EE66EC00D92C82 /* Storyboards */,
				A6FD177F23EE674D00D92C82 /* SupportingFiles */,
				A6FD177D23EE671200D92C82 /* Resources */,
			);
			path = HomeWork2.4;
			sourceTree = "<group>";
		};
		A6FD177C23EE66EC00D92C82 /* Storyboards */ = {
			isa = PBXGroup;
			children = (
				A6FD176E23EE64CB00D92C82 /* Main.storyboard */,
				A6FD177323EE64CF00D92C82 /* LaunchScreen.storyboard */,
			);
			path = Storyboards;
			sourceTree = "<group>";
		};
		A6FD177D23EE671200D92C82 /* Resources */ = {
			isa = PBXGroup;
			children = (
				A6FD177123EE64CF00D92C82 /* Assets.xcassets */,
			);
			path = Resources;
			sourceTree = "<group>";
		};
		A6FD177E23EE672A00D92C82 /* ViewControllers */ = {
			isa = PBXGroup;
			children = (
				A6FD176C23EE64CB00D92C82 /* LoginViewController.swift */,
				A6FD178023EE80D500D92C82 /* HomeViewController.swift */,
			);
			path = ViewControllers;
			sourceTree = "<group>";
		};
		A6FD177F23EE674D00D92C82 /* SupportingFiles */ = {
			isa = PBXGroup;
			children = (
				A6FD176823EE64CB00D92C82 /* AppDelegate.swift */,
				A6FD176A23EE64CB00D92C82 /* SceneDelegate.swift */,
				A6FD177623EE64CF00D92C82 /* Info.plist */,
			);
			path = SupportingFiles;
			sourceTree = "<group>";
		};
/* End PBXGroup section */

/* Begin PBXNativeTarget section */
		A6FD176423EE64CA00D92C82 /* HomeWork2.4 */ = {
			isa = PBXNativeTarget;
			buildConfigurationList = A6FD177923EE64CF00D92C82 /* Build configuration list for PBXNativeTarget "HomeWork2.4" */;
			buildPhases = (
				A6FD176123EE64CA00D92C82 /* Sources */,
				A6FD176223EE64CA00D92C82 /* Frameworks */,
				A6FD176323EE64CA00D92C82 /* Resources */,
			);
			buildRules = (
			);
			dependencies = (
			);
			name = HomeWork2.4;
			productName = HomeWork2.4;
			productReference = A6FD176523EE64CA00D92C82 /* HomeWork2.4.app */;
			productType = "com.apple.product-type.application";
		};
/* End PBXNativeTarget section */

/* Begin PBXProject section */
		A6FD175D23EE64CA00D92C82 /* Project object */ = {
			isa = PBXProject;
			attributes = {
				LastSwiftUpdateCheck = 1130;
				LastUpgradeCheck = 1130;
				ORGANIZATIONNAME = "Alex Sander";
				TargetAttributes = {
					A6FD176423EE64CA00D92C82 = {
						CreatedOnToolsVersion = 11.3.1;
					};
				};
			};
			buildConfigurationList = A6FD176023EE64CA00D92C82 /* Build configuration list for PBXProject "HomeWork2.4" */;
			compatibilityVersion = "Xcode 9.3";
			developmentRegion = en;
			hasScannedForEncodings = 0;
			knownRegions = (
				en,
				Base,
			);
			mainGroup = A6FD175C23EE64CA00D92C82;
			productRefGroup = A6FD176623EE64CA00D92C82 /* Products */;
			projectDirPath = "";
			projectRoot = "";
			targets = (
				A6FD176423EE64CA00D92C82 /* HomeWork2.4 */,
			);
		};
/* End PBXProject section */

/* Begin PBXResourcesBuildPhase section */
		A6FD176323EE64CA00D92C82 /* Resources */ = {
			isa = PBXResourcesBuildPhase;
			buildActionMask = 2147483647;
			files = (
				A6FD177523EE64CF00D92C82 /* LaunchScreen.storyboard in Resources */,
				A6FD177223EE64CF00D92C82 /* Assets.xcassets in Resources */,
				A6FD177023EE64CB00D92C82 /* Main.storyboard in Resources */,
			);
			runOnlyForDeploymentPostprocessing = 0;
		};
/* End PBXResourcesBuildPhase section */

/* Begin PBXSourcesBuildPhase section */
		A6FD176123EE64CA00D92C82 /* Sources */ = {
			isa = PBXSourcesBuildPhase;
			buildActionMask = 2147483647;
			files = (
				A6FD176D23EE64CB00D92C82 /* LoginViewController.swift in Sources */,
				A6FD176923EE64CB00D92C82 /* AppDelegate.swift in Sources */,
				A6FD176B23EE64CB00D92C82 /* SceneDelegate.swift in Sources */,
				A6B778FB23F2B65C00D2DE71 /* User.swift in Sources */,
				A6FD178123EE80D500D92C82 /* HomeViewController.swift in Sources */,
			);
			runOnlyForDeploymentPostprocessing = 0;
		};
/* End PBXSourcesBuildPhase section */

/* Begin PBXVariantGroup section */
		A6FD176E23EE64CB00D92C82 /* Main.storyboard */ = {
			isa = PBXVariantGroup;
			children = (
				A6FD176F23EE64CB00D92C82 /* Base */,
			);
			name = Main.storyboard;
			sourceTree = "<group>";
		};
		A6FD177323EE64CF00D92C82 /* LaunchScreen.storyboard */ = {
			isa = PBXVariantGroup;
			children = (
				A6FD177423EE64CF00D92C82 /* Base */,
			);
			name = LaunchScreen.storyboard;
			sourceTree = "<group>";
		};
/* End PBXVariantGroup section */

/* Begin XCBuildConfiguration section */
		A6FD177723EE64CF00D92C82 /* Debug */ = {
			isa = XCBuildConfiguration;
			buildSettings = {
				ALWAYS_SEARCH_USER_PATHS = NO;
				CLANG_ANALYZER_NONNULL = YES;
				CLANG_ANALYZER_NUMBER_OBJECT_CONVERSION = YES_AGGRESSIVE;
				CLANG_CXX_LANGUAGE_STANDARD = "gnu++14";
				CLANG_CXX_LIBRARY = "libc++";
				CLANG_ENABLE_MODULES = YES;
				CLANG_ENABLE_OBJC_ARC = YES;
				CLANG_ENABLE_OBJC_WEAK = YES;
				CLANG_WARN_BLOCK_CAPTURE_AUTORELEASING = YES;
				CLANG_WARN_BOOL_CONVERSION = YES;
				CLANG_WARN_COMMA = YES;
				CLANG_WARN_CONSTANT_CONVERSION = YES;
				CLANG_WARN_DEPRECATED_OBJC_IMPLEMENTATIONS = YES;
				CLANG_WARN_DIRECT_OBJC_ISA_USAGE = YES_ERROR;
				CLANG_WARN_DOCUMENTATION_COMMENTS = YES;
				CLANG_WARN_EMPTY_BODY = YES;
				CLANG_WARN_ENUM_CONVERSION = YES;
				CLANG_WARN_INFINITE_RECURSION = YES;
				CLANG_WARN_INT_CONVERSION = YES;
				CLANG_WARN_NON_LITERAL_NULL_CONVERSION = YES;
				CLANG_WARN_OBJC_IMPLICIT_RETAIN_SELF = YES;
				CLANG_WARN_OBJC_LITERAL_CONVERSION = YES;
				CLANG_WARN_OBJC_ROOT_CLASS = YES_ERROR;
				CLANG_WARN_RANGE_LOOP_ANALYSIS = YES;
				CLANG_WARN_STRICT_PROTOTYPES = YES;
				CLANG_WARN_SUSPICIOUS_MOVE = YES;
				CLANG_WARN_UNGUARDED_AVAILABILITY = YES_AGGRESSIVE;
				CLANG_WARN_UNREACHABLE_CODE = YES;
				CLANG_WARN__DUPLICATE_METHOD_MATCH = YES;
				COPY_PHASE_STRIP = NO;
				DEBUG_INFORMATION_FORMAT = dwarf;
				ENABLE_STRICT_OBJC_MSGSEND = YES;
				ENABLE_TESTABILITY = YES;
				GCC_C_LANGUAGE_STANDARD = gnu11;
				GCC_DYNAMIC_NO_PIC = NO;
				GCC_NO_COMMON_BLOCKS = YES;
				GCC_OPTIMIZATION_LEVEL = 0;
				GCC_PREPROCESSOR_DEFINITIONS = (
					"DEBUG=1",
					"$(inherited)",
				);
				GCC_WARN_64_TO_32_BIT_CONVERSION = YES;
				GCC_WARN_ABOUT_RETURN_TYPE = YES_ERROR;
				GCC_WARN_UNDECLARED_SELECTOR = YES;
				GCC_WARN_UNINITIALIZED_AUTOS = YES_AGGRESSIVE;
				GCC_WARN_UNUSED_FUNCTION = YES;
				GCC_WARN_UNUSED_VARIABLE = YES;
				IPHONEOS_DEPLOYMENT_TARGET = 13.2;
				MTL_ENABLE_DEBUG_INFO = INCLUDE_SOURCE;
				MTL_FAST_MATH = YES;
				ONLY_ACTIVE_ARCH = YES;
				SDKROOT = iphoneos;
				SWIFT_ACTIVE_COMPILATION_CONDITIONS = DEBUG;
				SWIFT_OPTIMIZATION_LEVEL = "-Onone";
			};
			name = Debug;
		};
		A6FD177823EE64CF00D92C82 /* Release */ = {
			isa = XCBuildConfiguration;
			buildSettings = {
				ALWAYS_SEARCH_USER_PATHS = NO;
				CLANG_ANALYZER_NONNULL = YES;
				CLANG_ANALYZER_NUMBER_OBJECT_CONVERSION = YES_AGGRESSIVE;
				CLANG_CXX_LANGUAGE_STANDARD = "gnu++14";
				CLANG_CXX_LIBRARY = "libc++";
				CLANG_ENABLE_MODULES = YES;
				CLANG_ENABLE_OBJC_ARC = YES;
				CLANG_ENABLE_OBJC_WEAK = YES;
				CLANG_WARN_BLOCK_CAPTURE_AUTORELEASING = YES;
				CLANG_WARN_BOOL_CONVERSION = YES;
				CLANG_WARN_COMMA = YES;
				CLANG_WARN_CONSTANT_CONVERSION = YES;
				CLANG_WARN_DEPRECATED_OBJC_IMPLEMENTATIONS = YES;
				CLANG_WARN_DIRECT_OBJC_ISA_USAGE = YES_ERROR;
				CLANG_WARN_DOCUMENTATION_COMMENTS = YES;
				CLANG_WARN_EMPTY_BODY = YES;
				CLANG_WARN_ENUM_CONVERSION = YES;
				CLANG_WARN_INFINITE_RECURSION = YES;
				CLANG_WARN_INT_CONVERSION = YES;
				CLANG_WARN_NON_LITERAL_NULL_CONVERSION = YES;
				CLANG_WARN_OBJC_IMPLICIT_RETAIN_SELF = YES;
				CLANG_WARN_OBJC_LITERAL_CONVERSION = YES;
				CLANG_WARN_OBJC_ROOT_CLASS = YES_ERROR;
				CLANG_WARN_RANGE_LOOP_ANALYSIS = YES;
				CLANG_WARN_STRICT_PROTOTYPES = YES;
				CLANG_WARN_SUSPICIOUS_MOVE = YES;
				CLANG_WARN_UNGUARDED_AVAILABILITY = YES_AGGRESSIVE;
				CLANG_WARN_UNREACHABLE_CODE = YES;
				CLANG_WARN__DUPLICATE_METHOD_MATCH = YES;
				COPY_PHASE_STRIP = NO;
				DEBUG_INFORMATION_FORMAT = "dwarf-with-dsym";
				ENABLE_NS_ASSERTIONS = NO;
				ENABLE_STRICT_OBJC_MSGSEND = YES;
				GCC_C_LANGUAGE_STANDARD = gnu11;
				GCC_NO_COMMON_BLOCKS = YES;
				GCC_WARN_64_TO_32_BIT_CONVERSION = YES;
				GCC_WARN_ABOUT_RETURN_TYPE = YES_ERROR;
				GCC_WARN_UNDECLARED_SELECTOR = YES;
				GCC_WARN_UNINITIALIZED_AUTOS = YES_AGGRESSIVE;
				GCC_WARN_UNUSED_FUNCTION = YES;
				GCC_WARN_UNUSED_VARIABLE = YES;
				IPHONEOS_DEPLOYMENT_TARGET = 13.2;
				MTL_ENABLE_DEBUG_INFO = NO;
				MTL_FAST_MATH = YES;
				SDKROOT = iphoneos;
				SWIFT_COMPILATION_MODE = wholemodule;
				SWIFT_OPTIMIZATION_LEVEL = "-O";
				VALIDATE_PRODUCT = YES;
			};
			name = Release;
		};
		A6FD177A23EE64CF00D92C82 /* Debug */ = {
			isa = XCBuildConfiguration;
			buildSettings = {
				ASSETCATALOG_COMPILER_APPICON_NAME = AppIcon;
				CODE_SIGN_STYLE = Automatic;
				INFOPLIST_FILE = HomeWork2.4/SupportingFiles/Info.plist;
				LD_RUNPATH_SEARCH_PATHS = (
					"$(inherited)",
					"@executable_path/Frameworks",
				);
				PRODUCT_BUNDLE_IDENTIFIER = "com.swiftbook.HomeWork2-4";
				PRODUCT_NAME = "$(TARGET_NAME)";
				SWIFT_VERSION = 5.0;
				TARGETED_DEVICE_FAMILY = "1,2";
			};
			name = Debug;
		};
		A6FD177B23EE64CF00D92C82 /* Release */ = {
			isa = XCBuildConfiguration;
			buildSettings = {
				ASSETCATALOG_COMPILER_APPICON_NAME = AppIcon;
				CODE_SIGN_STYLE = Automatic;
				INFOPLIST_FILE = HomeWork2.4/SupportingFiles/Info.plist;
				LD_RUNPATH_SEARCH_PATHS = (
					"$(inherited)",
					"@executable_path/Frameworks",
				);
				PRODUCT_BUNDLE_IDENTIFIER = "com.swiftbook.HomeWork2-4";
				PRODUCT_NAME = "$(TARGET_NAME)";
				SWIFT_VERSION = 5.0;
				TARGETED_DEVICE_FAMILY = "1,2";
			};
			name = Release;
		};
/* End XCBuildConfiguration section */

/* Begin XCConfigurationList section */
		A6FD176023EE64CA00D92C82 /* Build configuration list for PBXProject "HomeWork2.4" */ = {
			isa = XCConfigurationList;
			buildConfigurations = (
				A6FD177723EE64CF00D92C82 /* Debug */,
				A6FD177823EE64CF00D92C82 /* Release */,
			);
			defaultConfigurationIsVisible = 0;
			defaultConfigurationName = Release;
		};
		A6FD177923EE64CF00D92C82 /* Build configuration list for PBXNativeTarget "HomeWork2.4" */ = {
			isa = XCConfigurationList;
			buildConfigurations = (
				A6FD177A23EE64CF00D92C82 /* Debug */,
				A6FD177B23EE64CF00D92C82 /* Release */,
			);
			defaultConfigurationIsVisible = 0;
			defaultConfigurationName = Release;
		};
/* End XCConfigurationList section */
	};
	rootObject = A6FD175D23EE64CA00D92C82 /* Project object */;
}
